
Microsoft Visual Studio Solution File, Format Version 12.00
# Visual Studio Version 16
VisualStudioVersion = 16.0.30804.86
MinimumVisualStudioVersion = 10.0.40219.1
Project("{FAE04EC0-301F-11D3-BF4B-00C04F79EFBC}") = "Interfacesv2", "Interfacesv2\Interfacesv2.csproj", "{3E18010F-47C2-4212-922D-8526631DEED8}"
EndProject
Global
	GlobalSection(SolutionConfigurationPlatforms) = preSolution
		Debug|Any CPU = Debug|Any CPU
		Release|Any CPU = Release|Any CPU
	EndGlobalSection
	GlobalSection(ProjectConfigurationPlatforms) = postSolution
		{3E18010F-47C2-4212-922D-8526631DEED8}.Debug|Any CPU.ActiveCfg = Debug|Any CPU
		{3E18010F-47C2-4212-922D-8526631DEED8}.Debug|Any CPU.Build.0 = Debug|Any CPU
		{3E18010F-47C2-4212-922D-8526631DEED8}.Release|Any CPU.ActiveCfg = Release|Any CPU
		{3E18010F-47C2-4212-922D-8526631DEED8}.Release|Any CPU.Build.0 = Release|Any CPU
	EndGlobalSection
	GlobalSection(SolutionProperties) = preSolution
		HideSolutionNode = FALSE
	EndGlobalSection
	GlobalSection(ExtensibilityGlobals) = postSolution
		SolutionGuid = {AA01D586-AFCE-4951-B599-9CABDE7A3065}
	EndGlobalSection
EndGlobal
